
Microsoft Visual Studio Solution File, Format Version 12.00
# Visual Studio Version 17
VisualStudioVersion = 17.9.34607.119
MinimumVisualStudioVersion = 10.0.40219.1
Project("{FAE04EC0-301F-11D3-BF4B-00C04F79EFBC}") = "Card_game", "Card_game\Card_game.csproj", "{7823621D-52F3-4F3F-9A47-5B3A92B8EBD3}"
EndProject
Global
	GlobalSection(SolutionConfigurationPlatforms) = preSolution
		Debug|Any CPU = Debug|Any CPU
		Release|Any CPU = Release|Any CPU
	EndGlobalSection
	GlobalSection(ProjectConfigurationPlatforms) = postSolution
		{7823621D-52F3-4F3F-9A47-5B3A92B8EBD3}.Debug|Any CPU.ActiveCfg = Debug|Any CPU
		{7823621D-52F3-4F3F-9A47-5B3A92B8EBD3}.Debug|Any CPU.Build.0 = Debug|Any CPU
		{7823621D-52F3-4F3F-9A47-5B3A92B8EBD3}.Release|Any CPU.ActiveCfg = Release|Any CPU
		{7823621D-52F3-4F3F-9A47-5B3A92B8EBD3}.Release|Any CPU.Build.0 = Release|Any CPU
	EndGlobalSection
	GlobalSection(SolutionProperties) = preSolution
		HideSolutionNode = FALSE
	EndGlobalSection
	GlobalSection(ExtensibilityGlobals) = postSolution
		SolutionGuid = {D0603BEC-39A2-4EFC-9D45-C1378AAA7E8A}
	EndGlobalSection
EndGlobal
